
Microsoft Visual Studio Solution File, Format Version 12.00
# Visual Studio 15
VisualStudioVersion = 15.0.26430.14
MinimumVisualStudioVersion = 10.0.40219.1
Project("{F2A71F9B-5D33-465A-A702-920D77279786}") = "structuresAndAlgotihms", "structuresAndAlgotihms.fsproj", "{D1C5A764-9C45-4680-AB51-8FEC5E9E4E3C}"
EndProject
Global
	GlobalSection(SolutionConfigurationPlatforms) = preSolution
		Debug|Any CPU = Debug|Any CPU
		Release|Any CPU = Release|Any CPU
	EndGlobalSection
	GlobalSection(ProjectConfigurationPlatforms) = postSolution
		{D1C5A764-9C45-4680-AB51-8FEC5E9E4E3C}.Debug|Any CPU.ActiveCfg = Debug|Any CPU
		{D1C5A764-9C45-4680-AB51-8FEC5E9E4E3C}.Debug|Any CPU.Build.0 = Debug|Any CPU
		{D1C5A764-9C45-4680-AB51-8FEC5E9E4E3C}.Release|Any CPU.ActiveCfg = Release|Any CPU
		{D1C5A764-9C45-4680-AB51-8FEC5E9E4E3C}.Release|Any CPU.Build.0 = Release|Any CPU
	EndGlobalSection
	GlobalSection(SolutionProperties) = preSolution
		HideSolutionNode = FALSE
	EndGlobalSection
EndGlobal
